{
  "name": "netlify-telegram-bot",
  "lockfileVersion": 2,
  "requires": true,
  "packages": {
    "": {
      "name": "netlify-telegram-bot",
      "version": "1.0.0",
      "dependencies": {
        "telegraf": "^4.12.2"
      }
    },
    "node_modules/telegraf": {
      "version": "4.12.2",
      "resolved": "https://registry.npmjs.org/telegraf/-/telegraf-4.12.2.tgz",
      "integrity": "sha512-xyz123...",
      "dependencies": {}
    }
  }
}
